// !$*UTF8*$!
{
	archiveVersion = 1;
	classes = {
	};
	objectVersion = 77;
	objects = {

/* Begin PBXBuildFile section */
		A10000000000000000000001 /* Vendor/Rime/librime-static.xcframework in Frameworks */ = {isa = PBXBuildFile; fileRef = A10000000000000000000002 /* Vendor/Rime/librime-static.xcframework */; };
		A20000000000000000000002 /* ShikaKeyBoard/Core/SKKeyboardPreferences.swift in Sources */ = {isa = PBXBuildFile; fileRef = A20000000000000000000001 /* ShikaKeyBoard/Core/SKKeyboardPreferences.swift */; };
		D580A0B52F2BC9BE00CAAF83 /* ShikaKeyBoard.appex in Embed Foundation Extensions */ = {isa = PBXBuildFile; fileRef = D580A0AE2F2BC9BE00CAAF83 /* ShikaKeyBoard.appex */; settings = {ATTRIBUTES = (RemoveHeadersOnCopy, ); }; };
/* End PBXBuildFile section */

/* Begin PBXContainerItemProxy section */
		D580A0B32F2BC9BE00CAAF83 /* PBXContainerItemProxy */ = {
			isa = PBXContainerItemProxy;
			containerPortal = D580A0942F2BC94300CAAF83 /* Project object */;
			proxyType = 1;
			remoteGlobalIDString = D580A0AD2F2BC9BE00CAAF83;
			remoteInfo = ShikaKeyBoard;
		};
/* End PBXContainerItemProxy section */

/* Begin PBXCopyFilesBuildPhase section */
		D580A0BA2F2BC9BE00CAAF83 /* Embed Foundation Extensions */ = {
			isa = PBXCopyFilesBuildPhase;
			buildActionMask = 2147483647;
			dstPath = "";
			dstSubfolderSpec = 13;
			files = (
				D580A0B52F2BC9BE00CAAF83 /* ShikaKeyBoard.appex in Embed Foundation Extensions */,
			);
			name = "Embed Foundation Extensions";
			runOnlyForDeploymentPostprocessing = 0;
		};
/* End PBXCopyFilesBuildPhase section */

/* Begin PBXFileReference section */
		A10000000000000000000002 /* Vendor/Rime/librime-static.xcframework */ = {isa = PBXFileReference; lastKnownFileType = wrapper.xcframework; path = "Vendor/Rime/librime-static.xcframework"; sourceTree = SOURCE_ROOT; };
		A20000000000000000000001 /* ShikaKeyBoard/Core/SKKeyboardPreferences.swift */ = {isa = PBXFileReference; lastKnownFileType = sourcecode.swift; path = ShikaKeyBoard/Core/SKKeyboardPreferences.swift; sourceTree = SOURCE_ROOT; };
		D580A09C2F2BC94300CAAF83 /* Shika.app */ = {isa = PBXFileReference; explicitFileType = wrapper.application; includeInIndex = 0; path = Shika.app; sourceTree = BUILT_PRODUCTS_DIR; };
		D580A0AE2F2BC9BE00CAAF83 /* ShikaKeyBoard.appex */ = {isa = PBXFileReference; explicitFileType = "wrapper.app-extension"; includeInIndex = 0; path = ShikaKeyBoard.appex; sourceTree = BUILT_PRODUCTS_DIR; };
/* End PBXFileReference section */

/* Begin PBXFileSystemSynchronizedBuildFileExceptionSet section */
		D580A0B62F2BC9BE00CAAF83 /* Exceptions for "ShikaKeyBoard" folder in "ShikaKeyBoard" target */ = {
			isa = PBXFileSystemSynchronizedBuildFileExceptionSet;
			membershipExceptions = (
				Info.plist,
			);
			target = D580A0AD2F2BC9BE00CAAF83 /* ShikaKeyBoard */;
		};
/* End PBXFileSystemSynchronizedBuildFileExceptionSet section */

/* Begin PBXFileSystemSynchronizedRootGroup section */
		D580A09E2F2BC94300CAAF83 /* Shika */ = {
			isa = PBXFileSystemSynchronizedRootGroup;
			path = Shika;
			sourceTree = "<group>";
		};
		D580A0AF2F2BC9BE00CAAF83 /* ShikaKeyBoard */ = {
			isa = PBXFileSystemSynchronizedRootGroup;
			exceptions = (
				D580A0B62F2BC9BE00CAAF83 /* Exceptions for "ShikaKeyBoard" folder in "ShikaKeyBoard" target */,
			);
			path = ShikaKeyBoard;
			sourceTree = "<group>";
		};
/* End PBXFileSystemSynchronizedRootGroup section */

/* Begin PBXFrameworksBuildPhase section */
		D580A0992F2BC94300CAAF83 /* Frameworks */ = {
			isa = PBXFrameworksBuildPhase;
			buildActionMask = 2147483647;
			files = (
			);
			runOnlyForDeploymentPostprocessing = 0;
		};
		D580A0AB2F2BC9BE00CAAF83 /* Frameworks */ = {
			isa = PBXFrameworksBuildPhase;
			buildActionMask = 2147483647;
			files = (
				A10000000000000000000001 /* Vendor/Rime/librime-static.xcframework in Frameworks */,
			);
			runOnlyForDeploymentPostprocessing = 0;
		};
/* End PBXFrameworksBuildPhase section */

/* Begin PBXGroup section */
		D580A0932F2BC94300CAAF83 = {
			isa = PBXGroup;
			children = (
				A10000000000000000000002 /* Vendor/Rime/librime-static.xcframework */,
				D580A09E2F2BC94300CAAF83 /* Shika */,
				D580A0AF2F2BC9BE00CAAF83 /* ShikaKeyBoard */,
				A20000000000000000000001 /* ShikaKeyBoard/Core/SKKeyboardPreferences.swift */,
				D580A09D2F2BC94300CAAF83 /* Products */,
			);
			sourceTree = "<group>";
		};
		D580A09D2F2BC94300CAAF83 /* Products */ = {
			isa = PBXGroup;
			children = (
				D580A09C2F2BC94300CAAF83 /* Shika.app */,
				D580A0AE2F2BC9BE00CAAF83 /* ShikaKeyBoard.appex */,
			);
			name = Products;
			sourceTree = "<group>";
		};
/* End PBXGroup section */

/* Begin PBXNativeTarget section */
		D580A09B2F2BC94300CAAF83 /* Shika */ = {
			isa = PBXNativeTarget;
			buildConfigurationList = D580A0A72F2BC94500CAAF83 /* Build configuration list for PBXNativeTarget "Shika" */;
			buildPhases = (
				D580A0982F2BC94300CAAF83 /* Sources */,
				D580A0992F2BC94300CAAF83 /* Frameworks */,
				D580A09A2F2BC94300CAAF83 /* Resources */,
				D580A0BA2F2BC9BE00CAAF83 /* Embed Foundation Extensions */,
			);
			buildRules = (
			);
			dependencies = (
				D580A0B42F2BC9BE00CAAF83 /* PBXTargetDependency */,
			);
			fileSystemSynchronizedGroups = (
				D580A09E2F2BC94300CAAF83 /* Shika */,
			);
			name = Shika;
			packageProductDependencies = (
			);
			productName = Shika;
			productReference = D580A09C2F2BC94300CAAF83 /* Shika.app */;
			productType = "com.apple.product-type.application";
		};
		D580A0AD2F2BC9BE00CAAF83 /* ShikaKeyBoard */ = {
			isa = PBXNativeTarget;
			buildConfigurationList = D580A0B72F2BC9BE00CAAF83 /* Build configuration list for PBXNativeTarget "ShikaKeyBoard" */;
			buildPhases = (
				D580A0AA2F2BC9BE00CAAF83 /* Sources */,
				D580A0AB2F2BC9BE00CAAF83 /* Frameworks */,
				D580A0AC2F2BC9BE00CAAF83 /* Resources */,
			);
			buildRules = (
			);
			dependencies = (
			);
			fileSystemSynchronizedGroups = (
				D580A0AF2F2BC9BE00CAAF83 /* ShikaKeyBoard */,
			);
			name = ShikaKeyBoard;
			packageProductDependencies = (
			);
			productName = ShikaKeyBoard;
			productReference = D580A0AE2F2BC9BE00CAAF83 /* ShikaKeyBoard.appex */;
			productType = "com.apple.product-type.app-extension";
		};
/* End PBXNativeTarget section */

/* Begin PBXProject section */
		D580A0942F2BC94300CAAF83 /* Project object */ = {
			isa = PBXProject;
			attributes = {
				BuildIndependentTargetsInParallel = 1;
				LastSwiftUpdateCheck = 2620;
				LastUpgradeCheck = 2620;
				TargetAttributes = {
					D580A09B2F2BC94300CAAF83 = {
						CreatedOnToolsVersion = 26.2;
					};
					D580A0AD2F2BC9BE00CAAF83 = {
						CreatedOnToolsVersion = 26.2;
					};
				};
			};
			buildConfigurationList = D580A0972F2BC94300CAAF83 /* Build configuration list for PBXProject "Shika" */;
			developmentRegion = en;
			hasScannedForEncodings = 0;
			knownRegions = (
				en,
				Base,
			);
			mainGroup = D580A0932F2BC94300CAAF83;
			minimizedProjectReferenceProxies = 1;
			preferredProjectObjectVersion = 77;
			productRefGroup = D580A09D2F2BC94300CAAF83 /* Products */;
			projectDirPath = "";
			projectRoot = "";
			targets = (
				D580A09B2F2BC94300CAAF83 /* Shika */,
				D580A0AD2F2BC9BE00CAAF83 /* ShikaKeyBoard */,
			);
		};
/* End PBXProject section */

/* Begin PBXResourcesBuildPhase section */
		D580A09A2F2BC94300CAAF83 /* Resources */ = {
			isa = PBXResourcesBuildPhase;
			buildActionMask = 2147483647;
			files = (
			);
			runOnlyForDeploymentPostprocessing = 0;
		};
		D580A0AC2F2BC9BE00CAAF83 /* Resources */ = {
			isa = PBXResourcesBuildPhase;
			buildActionMask = 2147483647;
			files = (
			);
			runOnlyForDeploymentPostprocessing = 0;
		};
/* End PBXResourcesBuildPhase section */

/* Begin PBXSourcesBuildPhase section */
		D580A0982F2BC94300CAAF83 /* Sources */ = {
			isa = PBXSourcesBuildPhase;
			buildActionMask = 2147483647;
			files = (
				A20000000000000000000002 /* ShikaKeyBoard/Core/SKKeyboardPreferences.swift in Sources */,
			);
			runOnlyForDeploymentPostprocessing = 0;
		};
		D580A0AA2F2BC9BE00CAAF83 /* Sources */ = {
			isa = PBXSourcesBuildPhase;
			buildActionMask = 2147483647;
			files = (
			);
			runOnlyForDeploymentPostprocessing = 0;
		};
/* End PBXSourcesBuildPhase section */

/* Begin PBXTargetDependency section */
		D580A0B42F2BC9BE00CAAF83 /* PBXTargetDependency */ = {
			isa = PBXTargetDependency;
			target = D580A0AD2F2BC9BE00CAAF83 /* ShikaKeyBoard */;
			targetProxy = D580A0B32F2BC9BE00CAAF83 /* PBXContainerItemProxy */;
		};
/* End PBXTargetDependency section */

/* Begin XCBuildConfiguration section */
		D580A0A52F2BC94500CAAF83 /* Debug */ = {
			isa = XCBuildConfiguration;
			buildSettings = {
				ALWAYS_SEARCH_USER_PATHS = NO;
				ASSETCATALOG_COMPILER_GENERATE_SWIFT_ASSET_SYMBOL_EXTENSIONS = YES;
				CLANG_ANALYZER_NONNULL = YES;
				CLANG_ANALYZER_NUMBER_OBJECT_CONVERSION = YES_AGGRESSIVE;
				CLANG_CXX_LANGUAGE_STANDARD = "gnu++20";
				CLANG_ENABLE_MODULES = YES;
				CLANG_ENABLE_OBJC_ARC = YES;
				CLANG_ENABLE_OBJC_WEAK = YES;
				CLANG_WARN_BLOCK_CAPTURE_AUTORELEASING = YES;
				CLANG_WARN_BOOL_CONVERSION = YES;
				CLANG_WARN_COMMA = YES;
				CLANG_WARN_CONSTANT_CONVERSION = YES;
				CLANG_WARN_DEPRECATED_OBJC_IMPLEMENTATIONS = YES;
				CLANG_WARN_DIRECT_OBJC_ISA_USAGE = YES_ERROR;
				CLANG_WARN_DOCUMENTATION_COMMENTS = YES;
				CLANG_WARN_EMPTY_BODY = YES;
				CLANG_WARN_ENUM_CONVERSION = YES;
				CLANG_WARN_INFINITE_RECURSION = YES;
				CLANG_WARN_INT_CONVERSION = YES;
				CLANG_WARN_NON_LITERAL_NULL_CONVERSION = YES;
				CLANG_WARN_OBJC_IMPLICIT_RETAIN_SELF = YES;
				CLANG_WARN_OBJC_LITERAL_CONVERSION = YES;
				CLANG_WARN_OBJC_ROOT_CLASS = YES_ERROR;
				CLANG_WARN_QUOTED_INCLUDE_IN_FRAMEWORK_HEADER = YES;
				CLANG_WARN_RANGE_LOOP_ANALYSIS = YES;
				CLANG_WARN_STRICT_PROTOTYPES = YES;
				CLANG_WARN_SUSPICIOUS_MOVE = YES;
				CLANG_WARN_UNGUARDED_AVAILABILITY = YES_AGGRESSIVE;
				CLANG_WARN_UNREACHABLE_CODE = YES;
				CLANG_WARN__DUPLICATE_METHOD_MATCH = YES;
				COPY_PHASE_STRIP = NO;
				DEBUG_INFORMATION_FORMAT = dwarf;
				DEVELOPMENT_TEAM = 9H5U9ZC7JV;
				ENABLE_STRICT_OBJC_MSGSEND = YES;
				ENABLE_TESTABILITY = YES;
				ENABLE_USER_SCRIPT_SANDBOXING = YES;
				GCC_C_LANGUAGE_STANDARD = gnu17;
				GCC_DYNAMIC_NO_PIC = NO;
				GCC_NO_COMMON_BLOCKS = YES;
				GCC_OPTIMIZATION_LEVEL = 0;
				GCC_PREPROCESSOR_DEFINITIONS = (
					"DEBUG=1",
					"$(inherited)",
				);
				GCC_WARN_64_TO_32_BIT_CONVERSION = YES;
				GCC_WARN_ABOUT_RETURN_TYPE = YES_ERROR;
				GCC_WARN_UNDECLARED_SELECTOR = YES;
				GCC_WARN_UNINITIALIZED_AUTOS = YES_AGGRESSIVE;
				GCC_WARN_UNUSED_FUNCTION = YES;
				GCC_WARN_UNUSED_VARIABLE = YES;
				IPHONEOS_DEPLOYMENT_TARGET = 18.0;
				LOCALIZATION_PREFERS_STRING_CATALOGS = YES;
				MTL_ENABLE_DEBUG_INFO = INCLUDE_SOURCE;
				MTL_FAST_MATH = YES;
				ONLY_ACTIVE_ARCH = YES;
				SDKROOT = iphoneos;
				SWIFT_ACTIVE_COMPILATION_CONDITIONS = "DEBUG $(inherited)";
				SWIFT_OPTIMIZATION_LEVEL = "-Onone";
			};
			name = Debug;
		};
		D580A0A62F2BC94500CAAF83 /* Release */ = {
			isa = XCBuildConfiguration;
			buildSettings = {
				ALWAYS_SEARCH_USER_PATHS = NO;
				ASSETCATALOG_COMPILER_GENERATE_SWIFT_ASSET_SYMBOL_EXTENSIONS = YES;
				CLANG_ANALYZER_NONNULL = YES;
				CLANG_ANALYZER_NUMBER_OBJECT_CONVERSION = YES_AGGRESSIVE;
				CLANG_CXX_LANGUAGE_STANDARD = "gnu++20";
				CLANG_ENABLE_MODULES = YES;
				CLANG_ENABLE_OBJC_ARC = YES;
				CLANG_ENABLE_OBJC_WEAK = YES;
				CLANG_WARN_BLOCK_CAPTURE_AUTORELEASING = YES;
				CLANG_WARN_BOOL_CONVERSION = YES;
				CLANG_WARN_COMMA = YES;
				CLANG_WARN_CONSTANT_CONVERSION = YES;
				CLANG_WARN_DEPRECATED_OBJC_IMPLEMENTATIONS = YES;
				CLANG_WARN_DIRECT_OBJC_ISA_USAGE = YES_ERROR;
				CLANG_WARN_DOCUMENTATION_COMMENTS = YES;
				CLANG_WARN_EMPTY_BODY = YES;
				CLANG_WARN_ENUM_CONVERSION = YES;
				CLANG_WARN_INFINITE_RECURSION = YES;
				CLANG_WARN_INT_CONVERSION = YES;
				CLANG_WARN_NON_LITERAL_NULL_CONVERSION = YES;
				CLANG_WARN_OBJC_IMPLICIT_RETAIN_SELF = YES;
				CLANG_WARN_OBJC_LITERAL_CONVERSION = YES;
				CLANG_WARN_OBJC_ROOT_CLASS = YES_ERROR;
				CLANG_WARN_QUOTED_INCLUDE_IN_FRAMEWORK_HEADER = YES;
				CLANG_WARN_RANGE_LOOP_ANALYSIS = YES;
				CLANG_WARN_STRICT_PROTOTYPES = YES;
				CLANG_WARN_SUSPICIOUS_MOVE = YES;
				CLANG_WARN_UNGUARDED_AVAILABILITY = YES_AGGRESSIVE;
				CLANG_WARN_UNREACHABLE_CODE = YES;
				CLANG_WARN__DUPLICATE_METHOD_MATCH = YES;
				COPY_PHASE_STRIP = NO;
				DEBUG_INFORMATION_FORMAT = "dwarf-with-dsym";
				DEVELOPMENT_TEAM = 9H5U9ZC7JV;
				ENABLE_NS_ASSERTIONS = NO;
				ENABLE_STRICT_OBJC_MSGSEND = YES;
				ENABLE_USER_SCRIPT_SANDBOXING = YES;
				GCC_C_LANGUAGE_STANDARD = gnu17;
				GCC_NO_COMMON_BLOCKS = YES;
				GCC_WARN_64_TO_32_BIT_CONVERSION = YES;
				GCC_WARN_ABOUT_RETURN_TYPE = YES_ERROR;
				GCC_WARN_UNDECLARED_SELECTOR = YES;
				GCC_WARN_UNINITIALIZED_AUTOS = YES_AGGRESSIVE;
				GCC_WARN_UNUSED_FUNCTION = YES;
				GCC_WARN_UNUSED_VARIABLE = YES;
				IPHONEOS_DEPLOYMENT_TARGET = 18.0;
				LOCALIZATION_PREFERS_STRING_CATALOGS = YES;
				MTL_ENABLE_DEBUG_INFO = NO;
				MTL_FAST_MATH = YES;
				SDKROOT = iphoneos;
				SWIFT_COMPILATION_MODE = wholemodule;
				VALIDATE_PRODUCT = YES;
			};
			name = Release;
		};
		D580A0A82F2BC94500CAAF83 /* Debug */ = {
			isa = XCBuildConfiguration;
			buildSettings = {
				ASSETCATALOG_COMPILER_APPICON_NAME = AppIcon;
				ASSETCATALOG_COMPILER_GLOBAL_ACCENT_COLOR_NAME = AccentColor;
				CODE_SIGN_ENTITLEMENTS = Shika.entitlements;
				CODE_SIGN_STYLE = Automatic;
				CURRENT_PROJECT_VERSION = 2;
				DEVELOPMENT_TEAM = 9H5U9ZC7JV;
				ENABLE_PREVIEWS = YES;
				GENERATE_INFOPLIST_FILE = YES;
				INFOPLIST_KEY_CFBundleDisplayName = "鹿边输入法";
				INFOPLIST_KEY_ShikaAppGroup = "$(SHIKA_APP_GROUP)";
				INFOPLIST_KEY_UIApplicationSceneManifest_Generation = YES;
				INFOPLIST_KEY_UIApplicationSupportsIndirectInputEvents = YES;
				INFOPLIST_KEY_UILaunchScreen_Generation = YES;
				INFOPLIST_KEY_UISupportedInterfaceOrientations_iPad = "UIInterfaceOrientationPortrait UIInterfaceOrientationPortraitUpsideDown UIInterfaceOrientationLandscapeLeft UIInterfaceOrientationLandscapeRight";
				INFOPLIST_KEY_UISupportedInterfaceOrientations_iPhone = "UIInterfaceOrientationPortrait UIInterfaceOrientationLandscapeLeft UIInterfaceOrientationLandscapeRight";
				LD_RUNPATH_SEARCH_PATHS = (
					"$(inherited)",
					"@executable_path/Frameworks",
				);
				MARKETING_VERSION = 1.0;
				PRODUCT_BUNDLE_IDENTIFIER = funno.Shika;
				PRODUCT_NAME = "$(TARGET_NAME)";
				SHIKA_APP_GROUP = group.funno.Shika;
				STRING_CATALOG_GENERATE_SYMBOLS = YES;
				SWIFT_APPROACHABLE_CONCURRENCY = YES;
				SWIFT_DEFAULT_ACTOR_ISOLATION = MainActor;
				SWIFT_EMIT_LOC_STRINGS = YES;
				SWIFT_UPCOMING_FEATURE_MEMBER_IMPORT_VISIBILITY = YES;
				SWIFT_VERSION = 5.0;
				TARGETED_DEVICE_FAMILY = "1,2";
			};
			name = Debug;
		};
		D580A0A92F2BC94500CAAF83 /* Release */ = {
			isa = XCBuildConfiguration;
			buildSettings = {
				ASSETCATALOG_COMPILER_APPICON_NAME = AppIcon;
				ASSETCATALOG_COMPILER_GLOBAL_ACCENT_COLOR_NAME = AccentColor;
				CODE_SIGN_ENTITLEMENTS = Shika.entitlements;
				CODE_SIGN_IDENTITY = "Apple Distribution";
				CODE_SIGN_STYLE = Manual;
				CURRENT_PROJECT_VERSION = 2;
				DEVELOPMENT_TEAM = JALFBCP8KV;
				ENABLE_PREVIEWS = YES;
				GENERATE_INFOPLIST_FILE = YES;
				INFOPLIST_KEY_CFBundleDisplayName = "鹿边输入法";
				INFOPLIST_KEY_ShikaAppGroup = "$(SHIKA_APP_GROUP)";
				INFOPLIST_KEY_UIApplicationSceneManifest_Generation = YES;
				INFOPLIST_KEY_UIApplicationSupportsIndirectInputEvents = YES;
				INFOPLIST_KEY_UILaunchScreen_Generation = YES;
				INFOPLIST_KEY_UISupportedInterfaceOrientations_iPad = "UIInterfaceOrientationPortrait UIInterfaceOrientationPortraitUpsideDown UIInterfaceOrientationLandscapeLeft UIInterfaceOrientationLandscapeRight";
				INFOPLIST_KEY_UISupportedInterfaceOrientations_iPhone = "UIInterfaceOrientationPortrait UIInterfaceOrientationLandscapeLeft UIInterfaceOrientationLandscapeRight";
				LD_RUNPATH_SEARCH_PATHS = (
					"$(inherited)",
					"@executable_path/Frameworks",
				);
				MARKETING_VERSION = 1.0;
				PRODUCT_BUNDLE_IDENTIFIER = cc.kinyo.shika;
				PRODUCT_NAME = "$(TARGET_NAME)";
				PROVISIONING_PROFILE_SPECIFIER = "Shika AppStore";
				SHIKA_APP_GROUP = group.cc.kinyo.shika;
				STRING_CATALOG_GENERATE_SYMBOLS = YES;
				SWIFT_APPROACHABLE_CONCURRENCY = YES;
				SWIFT_DEFAULT_ACTOR_ISOLATION = MainActor;
				SWIFT_EMIT_LOC_STRINGS = YES;
				SWIFT_UPCOMING_FEATURE_MEMBER_IMPORT_VISIBILITY = YES;
				SWIFT_VERSION = 5.0;
				TARGETED_DEVICE_FAMILY = "1,2";
			};
			name = Release;
		};
		D580A0B82F2BC9BE00CAAF83 /* Debug */ = {
			isa = XCBuildConfiguration;
			buildSettings = {
				APPLICATION_EXTENSION_API_ONLY = YES;
				CODE_SIGN_ENTITLEMENTS = Shika.entitlements;
				CODE_SIGN_STYLE = Automatic;
				CURRENT_PROJECT_VERSION = 2;
				DEVELOPMENT_TEAM = 9H5U9ZC7JV;
				GENERATE_INFOPLIST_FILE = YES;
				HEADER_SEARCH_PATHS = "$(SRCROOT)/Vendor/Rime/librime-static.xcframework/ios-arm64/Headers";
				INFOPLIST_FILE = ShikaKeyBoard/Info.plist;
				INFOPLIST_KEY_CFBundleDisplayName = "鹿边输入法";
				INFOPLIST_KEY_NSHumanReadableCopyright = "";
				INFOPLIST_KEY_ShikaAppGroup = "$(SHIKA_APP_GROUP)";
				LD_RUNPATH_SEARCH_PATHS = (
					"$(inherited)",
					"@executable_path/Frameworks",
					"@executable_path/../../Frameworks",
				);
				MARKETING_VERSION = 1.0;
				OTHER_LDFLAGS = (
					"$(inherited)",
					"-lc++",
					"-liconv",
				);
				PRODUCT_BUNDLE_IDENTIFIER = funno.Shika.ShikaKeyBoard;
				PRODUCT_NAME = "$(TARGET_NAME)";
				SHIKA_APP_GROUP = group.funno.Shika;
				SKIP_INSTALL = YES;
				STRING_CATALOG_GENERATE_SYMBOLS = YES;
				SWIFT_APPROACHABLE_CONCURRENCY = YES;
				SWIFT_EMIT_LOC_STRINGS = YES;
				SWIFT_OBJC_BRIDGING_HEADER = "ShikaKeyBoard/Engine/ShikaKeyBoard-Bridging-Header.h";
				SWIFT_UPCOMING_FEATURE_MEMBER_IMPORT_VISIBILITY = YES;
				SWIFT_VERSION = 5.0;
				TARGETED_DEVICE_FAMILY = "1,2";
			};
			name = Debug;
		};
		D580A0B92F2BC9BE00CAAF83 /* Release */ = {
			isa = XCBuildConfiguration;
			buildSettings = {
				APPLICATION_EXTENSION_API_ONLY = YES;
				CODE_SIGN_ENTITLEMENTS = Shika.entitlements;
				CODE_SIGN_IDENTITY = "Apple Distribution";
				CODE_SIGN_STYLE = Manual;
				CURRENT_PROJECT_VERSION = 2;
				DEVELOPMENT_TEAM = JALFBCP8KV;
				GENERATE_INFOPLIST_FILE = YES;
				HEADER_SEARCH_PATHS = "$(SRCROOT)/Vendor/Rime/librime-static.xcframework/ios-arm64/Headers";
				INFOPLIST_FILE = ShikaKeyBoard/Info.plist;
				INFOPLIST_KEY_CFBundleDisplayName = "鹿边输入法";
				INFOPLIST_KEY_NSHumanReadableCopyright = "";
				INFOPLIST_KEY_ShikaAppGroup = "$(SHIKA_APP_GROUP)";
				LD_RUNPATH_SEARCH_PATHS = (
					"$(inherited)",
					"@executable_path/Frameworks",
					"@executable_path/../../Frameworks",
				);
				MARKETING_VERSION = 1.0;
				OTHER_LDFLAGS = (
					"$(inherited)",
					"-lc++",
					"-liconv",
				);
				PRODUCT_BUNDLE_IDENTIFIER = cc.kinyo.shika.keyboard;
				PRODUCT_NAME = "$(TARGET_NAME)";
				PROVISIONING_PROFILE_SPECIFIER = "Shika Keyboard";
				SHIKA_APP_GROUP = group.cc.kinyo.shika;
				SKIP_INSTALL = YES;
				STRING_CATALOG_GENERATE_SYMBOLS = YES;
				SWIFT_APPROACHABLE_CONCURRENCY = YES;
				SWIFT_EMIT_LOC_STRINGS = YES;
				SWIFT_OBJC_BRIDGING_HEADER = "ShikaKeyBoard/Engine/ShikaKeyBoard-Bridging-Header.h";
				SWIFT_UPCOMING_FEATURE_MEMBER_IMPORT_VISIBILITY = YES;
				SWIFT_VERSION = 5.0;
				TARGETED_DEVICE_FAMILY = "1,2";
			};
			name = Release;
		};
/* End XCBuildConfiguration section */

/* Begin XCConfigurationList section */
		D580A0972F2BC94300CAAF83 /* Build configuration list for PBXProject "Shika" */ = {
			isa = XCConfigurationList;
			buildConfigurations = (
				D580A0A52F2BC94500CAAF83 /* Debug */,
				D580A0A62F2BC94500CAAF83 /* Release */,
			);
			defaultConfigurationIsVisible = 0;
			defaultConfigurationName = Release;
		};
		D580A0A72F2BC94500CAAF83 /* Build configuration list for PBXNativeTarget "Shika" */ = {
			isa = XCConfigurationList;
			buildConfigurations = (
				D580A0A82F2BC94500CAAF83 /* Debug */,
				D580A0A92F2BC94500CAAF83 /* Release */,
			);
			defaultConfigurationIsVisible = 0;
			defaultConfigurationName = Release;
		};
		D580A0B72F2BC9BE00CAAF83 /* Build configuration list for PBXNativeTarget "ShikaKeyBoard" */ = {
			isa = XCConfigurationList;
			buildConfigurations = (
				D580A0B82F2BC9BE00CAAF83 /* Debug */,
				D580A0B92F2BC9BE00CAAF83 /* Release */,
			);
			defaultConfigurationIsVisible = 0;
			defaultConfigurationName = Release;
		};
/* End XCConfigurationList section */
	};
	rootObject = D580A0942F2BC94300CAAF83 /* Project object */;
}
